
Microsoft Visual Studio Solution File, Format Version 12.00
# Visual Studio Version 17
VisualStudioVersion = 17.14.36518.9 d17.14
MinimumVisualStudioVersion = 10.0.40219.1
Project("{FAE04EC0-301F-11D3-BF4B-00C04F79EFBC}") = "EntityFrameworkCoreWebAPI", "EntityFrameworkCoreWebAPI\EntityFrameworkCoreWebAPI.csproj", "{0ED41DA1-1DD2-430E-9DD2-9DDADA652BE7}"
EndProject
Global
	GlobalSection(SolutionConfigurationPlatforms) = preSolution
		Debug|Any CPU = Debug|Any CPU
		Release|Any CPU = Release|Any CPU
	EndGlobalSection
	GlobalSection(ProjectConfigurationPlatforms) = postSolution
		{0ED41DA1-1DD2-430E-9DD2-9DDADA652BE7}.Debug|Any CPU.ActiveCfg = Debug|Any CPU
		{0ED41DA1-1DD2-430E-9DD2-9DDADA652BE7}.Debug|Any CPU.Build.0 = Debug|Any CPU
		{0ED41DA1-1DD2-430E-9DD2-9DDADA652BE7}.Release|Any CPU.ActiveCfg = Release|Any CPU
		{0ED41DA1-1DD2-430E-9DD2-9DDADA652BE7}.Release|Any CPU.Build.0 = Release|Any CPU
	EndGlobalSection
	GlobalSection(SolutionProperties) = preSolution
		HideSolutionNode = FALSE
	EndGlobalSection
	GlobalSection(ExtensibilityGlobals) = postSolution
		SolutionGuid = {CBB88D21-69CA-491D-B7DD-3090D8BF17DF}
	EndGlobalSection
EndGlobal
